
Microsoft Visual Studio Solution File, Format Version 12.00
# Visual Studio 2013
VisualStudioVersion = 12.0.21005.1
MinimumVisualStudioVersion = 10.0.40219.1
Project("{FAE04EC0-301F-11D3-BF4B-00C04F79EFBC}") = "Durados", "Durados\Durados.csproj", "{04183BAC-B3DA-46EC-BE81-D635768F98F4}"
EndProject
Project("{FAE04EC0-301F-11D3-BF4B-00C04F79EFBC}") = "Durados.DataAccess", "Durados.DataAccess\Durados.DataAccess.csproj", "{FE0D5849-2911-4615-BCC4-C286B213761C}"
EndProject
Project("{FAE04EC0-301F-11D3-BF4B-00C04F79EFBC}") = "Durados.Config", "Durados.Config\Durados.Config.csproj", "{236C76B6-4489-46B7-86B3-0D2651C88F49}"
EndProject
Project("{FAE04EC0-301F-11D3-BF4B-00C04F79EFBC}") = "Durados.Config.Attributes", "Durados.Config.Attributes\Durados.Config.Attributes.csproj", "{8B1EB484-4146-4D68-B6F8-8A1C81092576}"
EndProject
Project("{FAE04EC0-301F-11D3-BF4B-00C04F79EFBC}") = "Durados.Localization", "Durados.Localization\Durados.Localization.csproj", "{721D74D4-AA6C-4B47-B98F-C853FB7BCF9B}"
EndProject
Project("{FAE04EC0-301F-11D3-BF4B-00C04F79EFBC}") = "Durados.Web.Mvc", "Durados.Web.Mvc\Durados.Web.Mvc.csproj", "{79F336B9-C5C5-45FD-84D1-D858825BF330}"
EndProject
Project("{FAE04EC0-301F-11D3-BF4B-00C04F79EFBC}") = "Durados.Web.Mvc.Specifics", "Durados.Web.Mvc.Specifics\Durados.Web.Mvc.Specifics.csproj", "{1E9202D6-BBD9-4307-B390-4099D84B0FA4}"
EndProject
Project("{FAE04EC0-301F-11D3-BF4B-00C04F79EFBC}") = "Durados.Web.Localization", "Durados.Web.Localization\Durados.Web.Localization.csproj", "{B0621DDC-83C4-48A8-A574-B0816B4A6388}"
EndProject
Project("{FAE04EC0-301F-11D3-BF4B-00C04F79EFBC}") = "Durados.Web.Membership", "Durados.Web.Membership\Durados.Web.Membership.csproj", "{59A6657A-6BF8-49C3-BB98-63713C09C578}"
EndProject
Project("{FAE04EC0-301F-11D3-BF4B-00C04F79EFBC}") = "Durados.Web.Mvc.Logging", "Durados.Web.Mvc.Logging\Durados.Web.Mvc.Logging.csproj", "{729C03BB-33F3-4210-89F4-442E28500ED6}"
EndProject
Project("{FAE04EC0-301F-11D3-BF4B-00C04F79EFBC}") = "Durados.CodeDom", "Durados.CodeDom\Durados.CodeDom.csproj", "{E10504B4-F77F-4473-9B2A-744010BDDE1E}"
EndProject
Project("{FAE04EC0-301F-11D3-BF4B-00C04F79EFBC}") = "Durados.Xml", "Durados.Xml\Durados.Xml.csproj", "{758CAABE-E74E-4ECB-AF3E-6B18D19B53D1}"
EndProject
Project("{FAE04EC0-301F-11D3-BF4B-00C04F79EFBC}") = "Durados.Workflow", "Durados.Workflow\Durados.Workflow.csproj", "{1EA43A19-3530-4968-B9B8-87F313D6F063}"
EndProject
Project("{FAE04EC0-301F-11D3-BF4B-00C04F79EFBC}") = "Durados.Cms", "Durados.Cms\Durados.Cms.csproj", "{813DBBEE-8D4D-4DB8-9E49-B73A0AD6C5CE}"
EndProject
Project("{FAE04EC0-301F-11D3-BF4B-00C04F79EFBC}") = "Durados.Version", "Durados.Version\Durados.Version.csproj", "{61EEA44A-0478-40E7-9A68-0E773B5B5282}"
EndProject
Project("{FAE04EC0-301F-11D3-BF4B-00C04F79EFBC}") = "Durados.Web.Mvc.Specifics.Example", "Durados.Web.Mvc.Specifics.Example\Durados.Web.Mvc.Specifics.Example.csproj", "{5E8573C2-1207-4379-965E-114BFD44F364}"
EndProject
Project("{FAE04EC0-301F-11D3-BF4B-00C04F79EFBC}") = "BackAnd.Web.Api", "BackAnd.Web.Api\BackAnd.Web.Api.csproj", "{444966E0-5C1D-4176-86DD-7508368314FA}"
EndProject
Project("{FAE04EC0-301F-11D3-BF4B-00C04F79EFBC}") = "BackAnd.Web.Api.Test", "BackAnd.Web.Api.Test\BackAnd.Web.Api.Test.csproj", "{B64789BD-B7B4-4C43-B6CC-97ECF4D93735}"
EndProject
Project("{FAE04EC0-301F-11D3-BF4B-00C04F79EFBC}") = "Owin.Security.Providers", "Owin.Security.Providers\Owin.Security.Providers.csproj", "{6AD9BA00-1330-426D-8BAE-2D3BC0D976E4}"
EndProject
Project("{FAE04EC0-301F-11D3-BF4B-00C04F79EFBC}") = "Backand.Web.Api.BrowserTests", "Backand.Web.Api.BrowserTests\Backand.Web.Api.BrowserTests.csproj", "{1A294D5E-33CD-4FF9-989D-78B31C2FEAA5}"
EndProject
Project("{2150E333-8FDC-42A3-9474-1A3956D46DE8}") = "Tests", "Tests", "{259DC51F-3CAD-43FB-855F-54E047CCEC83}"
	ProjectSection(SolutionItems) = preProject
		TeamCity.testsettings = TeamCity.testsettings
	EndProjectSection
EndProject
Project("{FAE04EC0-301F-11D3-BF4B-00C04F79EFBC}") = "BackAnd.UnitTests", "BackAnd.UnitTests\BackAnd.UnitTests.csproj", "{6D63D615-1B03-4E1A-A55D-93C8AF9860F9}"
EndProject
Project("{FAE04EC0-301F-11D3-BF4B-00C04F79EFBC}") = "Backand.Test.Config", "Backand.Config\Backand.Test.Config.csproj", "{C35122B9-B306-497C-A5A1-01E4DD2C6CC8}"
EndProject
Project("{FAE04EC0-301F-11D3-BF4B-00C04F79EFBC}") = "Backand.BrowserRunner", "Backand.BrowserRunner\Backand.BrowserRunner.csproj", "{521457C7-F935-4340-88F6-A5D2A7F43218}"
EndProject
Project("{2150E333-8FDC-42A3-9474-1A3956D46DE8}") = "Solution Items", "Solution Items", "{8B3C8B90-EA3B-455A-B35B-F94381EB49C9}"
EndProject
Project("{2150E333-8FDC-42A3-9474-1A3956D46DE8}") = "Mvc", "Mvc", "{DF0C005D-92CF-4715-99E3-0694767B1CA6}"
EndProject
Project("{2150E333-8FDC-42A3-9474-1A3956D46DE8}") = "Durad", "Durad", "{1BA6A1F7-DF76-4F5A-9643-AABD0EA0BC62}"
EndProject
Project("{2150E333-8FDC-42A3-9474-1A3956D46DE8}") = "Api", "Api", "{C890B571-2F73-4C88-91A4-CFFDD936E1E7}"
EndProject
Project("{FAE04EC0-301F-11D3-BF4B-00C04F79EFBC}") = "Backand.Web.Api.FarmTests", "Backand.Web.Api.FarmTests\Backand.Web.Api.FarmTests.csproj", "{66F9BCFF-A552-489C-9EB7-C52A332B8713}"
EndProject
Project("{FAE04EC0-301F-11D3-BF4B-00C04F79EFBC}") = "Jint", "Jint\Jint.csproj", "{F8A2D895-D745-4E90-937B-FA914D6740D7}"
EndProject
Project("{FAE04EC0-301F-11D3-BF4B-00C04F79EFBC}") = "JintWinRunner", "JintWinRunner\JintWinRunner.csproj", "{88E9EE99-99B2-4888-B22F-64D2A07E7FBE}"
EndProject
Global
	GlobalSection(SolutionConfigurationPlatforms) = preSolution
		Debug|Any CPU = Debug|Any CPU
		Debug|x64 = Debug|x64
		DebugLocal|Any CPU = DebugLocal|Any CPU
		DebugLocal|x64 = DebugLocal|x64
		Log Output|Any CPU = Log Output|Any CPU
		Log Output|x64 = Log Output|x64
		Mono|Any CPU = Mono|Any CPU
		Mono|x64 = Mono|x64
		Release|Any CPU = Release|Any CPU
		Release|x64 = Release|x64
		Verbose|Any CPU = Verbose|Any CPU
		Verbose|x64 = Verbose|x64
	EndGlobalSection
	GlobalSection(ProjectConfigurationPlatforms) = postSolution
		{04183BAC-B3DA-46EC-BE81-D635768F98F4}.Debug|Any CPU.ActiveCfg = Debug|Any CPU
		{04183BAC-B3DA-46EC-BE81-D635768F98F4}.Debug|Any CPU.Build.0 = Debug|Any CPU
		{04183BAC-B3DA-46EC-BE81-D635768F98F4}.Debug|x64.ActiveCfg = Debug|x64
		{04183BAC-B3DA-46EC-BE81-D635768F98F4}.Debug|x64.Build.0 = Debug|x64
		{04183BAC-B3DA-46EC-BE81-D635768F98F4}.DebugLocal|Any CPU.ActiveCfg = Debug|Any CPU
		{04183BAC-B3DA-46EC-BE81-D635768F98F4}.DebugLocal|Any CPU.Build.0 = Debug|Any CPU
		{04183BAC-B3DA-46EC-BE81-D635768F98F4}.DebugLocal|x64.ActiveCfg = Debug|x64
		{04183BAC-B3DA-46EC-BE81-D635768F98F4}.DebugLocal|x64.Build.0 = Debug|x64
		{04183BAC-B3DA-46EC-BE81-D635768F98F4}.Log Output|Any CPU.ActiveCfg = Release|Any CPU
		{04183BAC-B3DA-46EC-BE81-D635768F98F4}.Log Output|Any CPU.Build.0 = Release|Any CPU
		{04183BAC-B3DA-46EC-BE81-D635768F98F4}.Log Output|x64.ActiveCfg = Release|x64
		{04183BAC-B3DA-46EC-BE81-D635768F98F4}.Log Output|x64.Build.0 = Release|x64
		{04183BAC-B3DA-46EC-BE81-D635768F98F4}.Mono|Any CPU.ActiveCfg = Release|Any CPU
		{04183BAC-B3DA-46EC-BE81-D635768F98F4}.Mono|Any CPU.Build.0 = Release|Any CPU
		{04183BAC-B3DA-46EC-BE81-D635768F98F4}.Mono|x64.ActiveCfg = Release|x64
		{04183BAC-B3DA-46EC-BE81-D635768F98F4}.Mono|x64.Build.0 = Release|x64
		{04183BAC-B3DA-46EC-BE81-D635768F98F4}.Release|Any CPU.ActiveCfg = Release|Any CPU
		{04183BAC-B3DA-46EC-BE81-D635768F98F4}.Release|Any CPU.Build.0 = Release|Any CPU
		{04183BAC-B3DA-46EC-BE81-D635768F98F4}.Release|x64.ActiveCfg = Release|x64
		{04183BAC-B3DA-46EC-BE81-D635768F98F4}.Release|x64.Build.0 = Release|x64
		{04183BAC-B3DA-46EC-BE81-D635768F98F4}.Verbose|Any CPU.ActiveCfg = Release|Any CPU
		{04183BAC-B3DA-46EC-BE81-D635768F98F4}.Verbose|Any CPU.Build.0 = Release|Any CPU
		{04183BAC-B3DA-46EC-BE81-D635768F98F4}.Verbose|x64.ActiveCfg = Release|x64
		{04183BAC-B3DA-46EC-BE81-D635768F98F4}.Verbose|x64.Build.0 = Release|x64
		{FE0D5849-2911-4615-BCC4-C286B213761C}.Debug|Any CPU.ActiveCfg = Debug|Any CPU
		{FE0D5849-2911-4615-BCC4-C286B213761C}.Debug|Any CPU.Build.0 = Debug|Any CPU
		{FE0D5849-2911-4615-BCC4-C286B213761C}.Debug|x64.ActiveCfg = Debug|Any CPU
		{FE0D5849-2911-4615-BCC4-C286B213761C}.DebugLocal|Any CPU.ActiveCfg = Debug|Any CPU
		{FE0D5849-2911-4615-BCC4-C286B213761C}.DebugLocal|Any CPU.Build.0 = Debug|Any CPU
		{FE0D5849-2911-4615-BCC4-C286B213761C}.DebugLocal|x64.ActiveCfg = Debug|Any CPU
		{FE0D5849-2911-4615-BCC4-C286B213761C}.Log Output|Any CPU.ActiveCfg = Release|Any CPU
		{FE0D5849-2911-4615-BCC4-C286B213761C}.Log Output|Any CPU.Build.0 = Release|Any CPU
		{FE0D5849-2911-4615-BCC4-C286B213761C}.Log Output|x64.ActiveCfg = Release|Any CPU
		{FE0D5849-2911-4615-BCC4-C286B213761C}.Mono|Any CPU.ActiveCfg = Release|Any CPU
		{FE0D5849-2911-4615-BCC4-C286B213761C}.Mono|Any CPU.Build.0 = Release|Any CPU
		{FE0D5849-2911-4615-BCC4-C286B213761C}.Mono|x64.ActiveCfg = Release|Any CPU
		{FE0D5849-2911-4615-BCC4-C286B213761C}.Release|Any CPU.ActiveCfg = Release|Any CPU
		{FE0D5849-2911-4615-BCC4-C286B213761C}.Release|Any CPU.Build.0 = Release|Any CPU
		{FE0D5849-2911-4615-BCC4-C286B213761C}.Release|x64.ActiveCfg = Release|Any CPU
		{FE0D5849-2911-4615-BCC4-C286B213761C}.Verbose|Any CPU.ActiveCfg = Release|Any CPU
		{FE0D5849-2911-4615-BCC4-C286B213761C}.Verbose|Any CPU.Build.0 = Release|Any CPU
		{FE0D5849-2911-4615-BCC4-C286B213761C}.Verbose|x64.ActiveCfg = Release|Any CPU
		{236C76B6-4489-46B7-86B3-0D2651C88F49}.Debug|Any CPU.ActiveCfg = Debug|Any CPU
		{236C76B6-4489-46B7-86B3-0D2651C88F49}.Debug|Any CPU.Build.0 = Debug|Any CPU
		{236C76B6-4489-46B7-86B3-0D2651C88F49}.Debug|x64.ActiveCfg = Debug|x64
		{236C76B6-4489-46B7-86B3-0D2651C88F49}.Debug|x64.Build.0 = Debug|x64
		{236C76B6-4489-46B7-86B3-0D2651C88F49}.DebugLocal|Any CPU.ActiveCfg = Debug|Any CPU
		{236C76B6-4489-46B7-86B3-0D2651C88F49}.DebugLocal|Any CPU.Build.0 = Debug|Any CPU
		{236C76B6-4489-46B7-86B3-0D2651C88F49}.DebugLocal|x64.ActiveCfg = Debug|x64
		{236C76B6-4489-46B7-86B3-0D2651C88F49}.DebugLocal|x64.Build.0 = Debug|x64
		{236C76B6-4489-46B7-86B3-0D2651C88F49}.Log Output|Any CPU.ActiveCfg = Release|Any CPU
		{236C76B6-4489-46B7-86B3-0D2651C88F49}.Log Output|Any CPU.Build.0 = Release|Any CPU
		{236C76B6-4489-46B7-86B3-0D2651C88F49}.Log Output|x64.ActiveCfg = Release|x64
		{236C76B6-4489-46B7-86B3-0D2651C88F49}.Log Output|x64.Build.0 = Release|x64
		{236C76B6-4489-46B7-86B3-0D2651C88F49}.Mono|Any CPU.ActiveCfg = Release|Any CPU
		{236C76B6-4489-46B7-86B3-0D2651C88F49}.Mono|Any CPU.Build.0 = Release|Any CPU
		{236C76B6-4489-46B7-86B3-0D2651C88F49}.Mono|x64.ActiveCfg = Release|x64
		{236C76B6-4489-46B7-86B3-0D2651C88F49}.Mono|x64.Build.0 = Release|x64
		{236C76B6-4489-46B7-86B3-0D2651C88F49}.Release|Any CPU.ActiveCfg = Release|Any CPU
		{236C76B6-4489-46B7-86B3-0D2651C88F49}.Release|Any CPU.Build.0 = Release|Any CPU
		{236C76B6-4489-46B7-86B3-0D2651C88F49}.Release|x64.ActiveCfg = Release|x64
		{236C76B6-4489-46B7-86B3-0D2651C88F49}.Release|x64.Build.0 = Release|x64
		{236C76B6-4489-46B7-86B3-0D2651C88F49}.Verbose|Any CPU.ActiveCfg = Release|Any CPU
		{236C76B6-4489-46B7-86B3-0D2651C88F49}.Verbose|Any CPU.Build.0 = Release|Any CPU
		{236C76B6-4489-46B7-86B3-0D2651C88F49}.Verbose|x64.ActiveCfg = Release|x64
		{236C76B6-4489-46B7-86B3-0D2651C88F49}.Verbose|x64.Build.0 = Release|x64
		{8B1EB484-4146-4D68-B6F8-8A1C81092576}.Debug|Any CPU.ActiveCfg = Debug|Any CPU
		{8B1EB484-4146-4D68-B6F8-8A1C81092576}.Debug|Any CPU.Build.0 = Debug|Any CPU
		{8B1EB484-4146-4D68-B6F8-8A1C81092576}.Debug|x64.ActiveCfg = Debug|x64
		{8B1EB484-4146-4D68-B6F8-8A1C81092576}.Debug|x64.Build.0 = Debug|x64
		{8B1EB484-4146-4D68-B6F8-8A1C81092576}.DebugLocal|Any CPU.ActiveCfg = Debug|Any CPU
		{8B1EB484-4146-4D68-B6F8-8A1C81092576}.DebugLocal|Any CPU.Build.0 = Debug|Any CPU
		{8B1EB484-4146-4D68-B6F8-8A1C81092576}.DebugLocal|x64.ActiveCfg = Debug|x64
		{8B1EB484-4146-4D68-B6F8-8A1C81092576}.DebugLocal|x64.Build.0 = Debug|x64
		{8B1EB484-4146-4D68-B6F8-8A1C81092576}.Log Output|Any CPU.ActiveCfg = Release|Any CPU
		{8B1EB484-4146-4D68-B6F8-8A1C81092576}.Log Output|Any CPU.Build.0 = Release|Any CPU
		{8B1EB484-4146-4D68-B6F8-8A1C81092576}.Log Output|x64.ActiveCfg = Release|x64
		{8B1EB484-4146-4D68-B6F8-8A1C81092576}.Log Output|x64.Build.0 = Release|x64
		{8B1EB484-4146-4D68-B6F8-8A1C81092576}.Mono|Any CPU.ActiveCfg = Release|Any CPU
		{8B1EB484-4146-4D68-B6F8-8A1C81092576}.Mono|Any CPU.Build.0 = Release|Any CPU
		{8B1EB484-4146-4D68-B6F8-8A1C81092576}.Mono|x64.ActiveCfg = Release|x64
		{8B1EB484-4146-4D68-B6F8-8A1C81092576}.Mono|x64.Build.0 = Release|x64
		{8B1EB484-4146-4D68-B6F8-8A1C81092576}.Release|Any CPU.ActiveCfg = Release|Any CPU
		{8B1EB484-4146-4D68-B6F8-8A1C81092576}.Release|Any CPU.Build.0 = Release|Any CPU
		{8B1EB484-4146-4D68-B6F8-8A1C81092576}.Release|x64.ActiveCfg = Release|x64
		{8B1EB484-4146-4D68-B6F8-8A1C81092576}.Release|x64.Build.0 = Release|x64
		{8B1EB484-4146-4D68-B6F8-8A1C81092576}.Verbose|Any CPU.ActiveCfg = Release|Any CPU
		{8B1EB484-4146-4D68-B6F8-8A1C81092576}.Verbose|Any CPU.Build.0 = Release|Any CPU
		{8B1EB484-4146-4D68-B6F8-8A1C81092576}.Verbose|x64.ActiveCfg = Release|x64
		{8B1EB484-4146-4D68-B6F8-8A1C81092576}.Verbose|x64.Build.0 = Release|x64
		{721D74D4-AA6C-4B47-B98F-C853FB7BCF9B}.Debug|Any CPU.ActiveCfg = Debug|Any CPU
		{721D74D4-AA6C-4B47-B98F-C853FB7BCF9B}.Debug|Any CPU.Build.0 = Debug|Any CPU
		{721D74D4-AA6C-4B47-B98F-C853FB7BCF9B}.Debug|x64.ActiveCfg = Debug|x64
		{721D74D4-AA6C-4B47-B98F-C853FB7BCF9B}.Debug|x64.Build.0 = Debug|x64
		{721D74D4-AA6C-4B47-B98F-C853FB7BCF9B}.DebugLocal|Any CPU.ActiveCfg = Debug|Any CPU
		{721D74D4-AA6C-4B47-B98F-C853FB7BCF9B}.DebugLocal|Any CPU.Build.0 = Debug|Any CPU
		{721D74D4-AA6C-4B47-B98F-C853FB7BCF9B}.DebugLocal|x64.ActiveCfg = Debug|x64
		{721D74D4-AA6C-4B47-B98F-C853FB7BCF9B}.DebugLocal|x64.Build.0 = Debug|x64
		{721D74D4-AA6C-4B47-B98F-C853FB7BCF9B}.Log Output|Any CPU.ActiveCfg = Release|Any CPU
		{721D74D4-AA6C-4B47-B98F-C853FB7BCF9B}.Log Output|Any CPU.Build.0 = Release|Any CPU
		{721D74D4-AA6C-4B47-B98F-C853FB7BCF9B}.Log Output|x64.ActiveCfg = Release|x64
		{721D74D4-AA6C-4B47-B98F-C853FB7BCF9B}.Log Output|x64.Build.0 = Release|x64
		{721D74D4-AA6C-4B47-B98F-C853FB7BCF9B}.Mono|Any CPU.ActiveCfg = Release|Any CPU
		{721D74D4-AA6C-4B47-B98F-C853FB7BCF9B}.Mono|Any CPU.Build.0 = Release|Any CPU
		{721D74D4-AA6C-4B47-B98F-C853FB7BCF9B}.Mono|x64.ActiveCfg = Release|x64
		{721D74D4-AA6C-4B47-B98F-C853FB7BCF9B}.Mono|x64.Build.0 = Release|x64
		{721D74D4-AA6C-4B47-B98F-C853FB7BCF9B}.Release|Any CPU.ActiveCfg = Release|Any CPU
		{721D74D4-AA6C-4B47-B98F-C853FB7BCF9B}.Release|Any CPU.Build.0 = Release|Any CPU
		{721D74D4-AA6C-4B47-B98F-C853FB7BCF9B}.Release|x64.ActiveCfg = Release|x64
		{721D74D4-AA6C-4B47-B98F-C853FB7BCF9B}.Release|x64.Build.0 = Release|x64
		{721D74D4-AA6C-4B47-B98F-C853FB7BCF9B}.Verbose|Any CPU.ActiveCfg = Release|Any CPU
		{721D74D4-AA6C-4B47-B98F-C853FB7BCF9B}.Verbose|Any CPU.Build.0 = Release|Any CPU
		{721D74D4-AA6C-4B47-B98F-C853FB7BCF9B}.Verbose|x64.ActiveCfg = Release|x64
		{721D74D4-AA6C-4B47-B98F-C853FB7BCF9B}.Verbose|x64.Build.0 = Release|x64
		{79F336B9-C5C5-45FD-84D1-D858825BF330}.Debug|Any CPU.ActiveCfg = Debug|Any CPU
		{79F336B9-C5C5-45FD-84D1-D858825BF330}.Debug|Any CPU.Build.0 = Debug|Any CPU
		{79F336B9-C5C5-45FD-84D1-D858825BF330}.Debug|x64.ActiveCfg = Debug|x64
		{79F336B9-C5C5-45FD-84D1-D858825BF330}.Debug|x64.Build.0 = Debug|x64
		{79F336B9-C5C5-45FD-84D1-D858825BF330}.DebugLocal|Any CPU.ActiveCfg = Debug|Any CPU
		{79F336B9-C5C5-45FD-84D1-D858825BF330}.DebugLocal|Any CPU.Build.0 = Debug|Any CPU
		{79F336B9-C5C5-45FD-84D1-D858825BF330}.DebugLocal|x64.ActiveCfg = Debug|x64
		{79F336B9-C5C5-45FD-84D1-D858825BF330}.DebugLocal|x64.Build.0 = Debug|x64
		{79F336B9-C5C5-45FD-84D1-D858825BF330}.Log Output|Any CPU.ActiveCfg = Release|Any CPU
		{79F336B9-C5C5-45FD-84D1-D858825BF330}.Log Output|Any CPU.Build.0 = Release|Any CPU
		{79F336B9-C5C5-45FD-84D1-D858825BF330}.Log Output|x64.ActiveCfg = Release|x64
		{79F336B9-C5C5-45FD-84D1-D858825BF330}.Log Output|x64.Build.0 = Release|x64
		{79F336B9-C5C5-45FD-84D1-D858825BF330}.Mono|Any CPU.ActiveCfg = Release|Any CPU
		{79F336B9-C5C5-45FD-84D1-D858825BF330}.Mono|Any CPU.Build.0 = Release|Any CPU
		{79F336B9-C5C5-45FD-84D1-D858825BF330}.Mono|x64.ActiveCfg = Release|x64
		{79F336B9-C5C5-45FD-84D1-D858825BF330}.Mono|x64.Build.0 = Release|x64
		{79F336B9-C5C5-45FD-84D1-D858825BF330}.Release|Any CPU.ActiveCfg = Release|Any CPU
		{79F336B9-C5C5-45FD-84D1-D858825BF330}.Release|Any CPU.Build.0 = Release|Any CPU
		{79F336B9-C5C5-45FD-84D1-D858825BF330}.Release|x64.ActiveCfg = Release|x64
		{79F336B9-C5C5-45FD-84D1-D858825BF330}.Release|x64.Build.0 = Release|x64
		{79F336B9-C5C5-45FD-84D1-D858825BF330}.Verbose|Any CPU.ActiveCfg = Release|Any CPU
		{79F336B9-C5C5-45FD-84D1-D858825BF330}.Verbose|Any CPU.Build.0 = Release|Any CPU
		{79F336B9-C5C5-45FD-84D1-D858825BF330}.Verbose|x64.ActiveCfg = Release|x64
		{79F336B9-C5C5-45FD-84D1-D858825BF330}.Verbose|x64.Build.0 = Release|x64
		{1E9202D6-BBD9-4307-B390-4099D84B0FA4}.Debug|Any CPU.ActiveCfg = Debug|Any CPU
		{1E9202D6-BBD9-4307-B390-4099D84B0FA4}.Debug|Any CPU.Build.0 = Debug|Any CPU
		{1E9202D6-BBD9-4307-B390-4099D84B0FA4}.Debug|x64.ActiveCfg = Debug|x64
		{1E9202D6-BBD9-4307-B390-4099D84B0FA4}.Debug|x64.Build.0 = Debug|x64
		{1E9202D6-BBD9-4307-B390-4099D84B0FA4}.DebugLocal|Any CPU.ActiveCfg = Debug|Any CPU
		{1E9202D6-BBD9-4307-B390-4099D84B0FA4}.DebugLocal|Any CPU.Build.0 = Debug|Any CPU
		{1E9202D6-BBD9-4307-B390-4099D84B0FA4}.DebugLocal|x64.ActiveCfg = Debug|x64
		{1E9202D6-BBD9-4307-B390-4099D84B0FA4}.DebugLocal|x64.Build.0 = Debug|x64
		{1E9202D6-BBD9-4307-B390-4099D84B0FA4}.Log Output|Any CPU.ActiveCfg = Release|Any CPU
		{1E9202D6-BBD9-4307-B390-4099D84B0FA4}.Log Output|Any CPU.Build.0 = Release|Any CPU
		{1E9202D6-BBD9-4307-B390-4099D84B0FA4}.Log Output|x64.ActiveCfg = Release|x64
		{1E9202D6-BBD9-4307-B390-4099D84B0FA4}.Log Output|x64.Build.0 = Release|x64
		{1E9202D6-BBD9-4307-B390-4099D84B0FA4}.Mono|Any CPU.ActiveCfg = Release|Any CPU
		{1E9202D6-BBD9-4307-B390-4099D84B0FA4}.Mono|Any CPU.Build.0 = Release|Any CPU
		{1E9202D6-BBD9-4307-B390-4099D84B0FA4}.Mono|x64.ActiveCfg = Release|x64
		{1E9202D6-BBD9-4307-B390-4099D84B0FA4}.Mono|x64.Build.0 = Release|x64
		{1E9202D6-BBD9-4307-B390-4099D84B0FA4}.Release|Any CPU.ActiveCfg = Release|Any CPU
		{1E9202D6-BBD9-4307-B390-4099D84B0FA4}.Release|Any CPU.Build.0 = Release|Any CPU
		{1E9202D6-BBD9-4307-B390-4099D84B0FA4}.Release|x64.ActiveCfg = Release|x64
		{1E9202D6-BBD9-4307-B390-4099D84B0FA4}.Release|x64.Build.0 = Release|x64
		{1E9202D6-BBD9-4307-B390-4099D84B0FA4}.Verbose|Any CPU.ActiveCfg = Release|Any CPU
		{1E9202D6-BBD9-4307-B390-4099D84B0FA4}.Verbose|Any CPU.Build.0 = Release|Any CPU
		{1E9202D6-BBD9-4307-B390-4099D84B0FA4}.Verbose|x64.ActiveCfg = Release|x64
		{1E9202D6-BBD9-4307-B390-4099D84B0FA4}.Verbose|x64.Build.0 = Release|x64
		{B0621DDC-83C4-48A8-A574-B0816B4A6388}.Debug|Any CPU.ActiveCfg = Debug|Any CPU
		{B0621DDC-83C4-48A8-A574-B0816B4A6388}.Debug|Any CPU.Build.0 = Debug|Any CPU
		{B0621DDC-83C4-48A8-A574-B0816B4A6388}.Debug|x64.ActiveCfg = Debug|x64
		{B0621DDC-83C4-48A8-A574-B0816B4A6388}.Debug|x64.Build.0 = Debug|x64
		{B0621DDC-83C4-48A8-A574-B0816B4A6388}.DebugLocal|Any CPU.ActiveCfg = Debug|Any CPU
		{B0621DDC-83C4-48A8-A574-B0816B4A6388}.DebugLocal|Any CPU.Build.0 = Debug|Any CPU
		{B0621DDC-83C4-48A8-A574-B0816B4A6388}.DebugLocal|x64.ActiveCfg = Debug|x64
		{B0621DDC-83C4-48A8-A574-B0816B4A6388}.DebugLocal|x64.Build.0 = Debug|x64
		{B0621DDC-83C4-48A8-A574-B0816B4A6388}.Log Output|Any CPU.ActiveCfg = Release|Any CPU
		{B0621DDC-83C4-48A8-A574-B0816B4A6388}.Log Output|Any CPU.Build.0 = Release|Any CPU
		{B0621DDC-83C4-48A8-A574-B0816B4A6388}.Log Output|x64.ActiveCfg = Release|x64
		{B0621DDC-83C4-48A8-A574-B0816B4A6388}.Log Output|x64.Build.0 = Release|x64
		{B0621DDC-83C4-48A8-A574-B0816B4A6388}.Mono|Any CPU.ActiveCfg = Release|Any CPU
		{B0621DDC-83C4-48A8-A574-B0816B4A6388}.Mono|Any CPU.Build.0 = Release|Any CPU
		{B0621DDC-83C4-48A8-A574-B0816B4A6388}.Mono|x64.ActiveCfg = Release|x64
		{B0621DDC-83C4-48A8-A574-B0816B4A6388}.Mono|x64.Build.0 = Release|x64
		{B0621DDC-83C4-48A8-A574-B0816B4A6388}.Release|Any CPU.ActiveCfg = Release|Any CPU
		{B0621DDC-83C4-48A8-A574-B0816B4A6388}.Release|Any CPU.Build.0 = Release|Any CPU
		{B0621DDC-83C4-48A8-A574-B0816B4A6388}.Release|x64.ActiveCfg = Release|x64
		{B0621DDC-83C4-48A8-A574-B0816B4A6388}.Release|x64.Build.0 = Release|x64
		{B0621DDC-83C4-48A8-A574-B0816B4A6388}.Verbose|Any CPU.ActiveCfg = Release|Any CPU
		{B0621DDC-83C4-48A8-A574-B0816B4A6388}.Verbose|Any CPU.Build.0 = Release|Any CPU
		{B0621DDC-83C4-48A8-A574-B0816B4A6388}.Verbose|x64.ActiveCfg = Release|x64
		{B0621DDC-83C4-48A8-A574-B0816B4A6388}.Verbose|x64.Build.0 = Release|x64
		{59A6657A-6BF8-49C3-BB98-63713C09C578}.Debug|Any CPU.ActiveCfg = Debug|Any CPU
		{59A6657A-6BF8-49C3-BB98-63713C09C578}.Debug|Any CPU.Build.0 = Debug|Any CPU
		{59A6657A-6BF8-49C3-BB98-63713C09C578}.Debug|x64.ActiveCfg = Debug|x64
		{59A6657A-6BF8-49C3-BB98-63713C09C578}.Debug|x64.Build.0 = Debug|x64
		{59A6657A-6BF8-49C3-BB98-63713C09C578}.DebugLocal|Any CPU.ActiveCfg = Debug|Any CPU
		{59A6657A-6BF8-49C3-BB98-63713C09C578}.DebugLocal|Any CPU.Build.0 = Debug|Any CPU
		{59A6657A-6BF8-49C3-BB98-63713C09C578}.DebugLocal|x64.ActiveCfg = Debug|x64
		{59A6657A-6BF8-49C3-BB98-63713C09C578}.DebugLocal|x64.Build.0 = Debug|x64
		{59A6657A-6BF8-49C3-BB98-63713C09C578}.Log Output|Any CPU.ActiveCfg = Release|Any CPU
		{59A6657A-6BF8-49C3-BB98-63713C09C578}.Log Output|Any CPU.Build.0 = Release|Any CPU
		{59A6657A-6BF8-49C3-BB98-63713C09C578}.Log Output|x64.ActiveCfg = Release|x64
		{59A6657A-6BF8-49C3-BB98-63713C09C578}.Log Output|x64.Build.0 = Release|x64
		{59A6657A-6BF8-49C3-BB98-63713C09C578}.Mono|Any CPU.ActiveCfg = Release|Any CPU
		{59A6657A-6BF8-49C3-BB98-63713C09C578}.Mono|Any CPU.Build.0 = Release|Any CPU
		{59A6657A-6BF8-49C3-BB98-63713C09C578}.Mono|x64.ActiveCfg = Release|x64
		{59A6657A-6BF8-49C3-BB98-63713C09C578}.Mono|x64.Build.0 = Release|x64
		{59A6657A-6BF8-49C3-BB98-63713C09C578}.Release|Any CPU.ActiveCfg = Release|Any CPU
		{59A6657A-6BF8-49C3-BB98-63713C09C578}.Release|Any CPU.Build.0 = Release|Any CPU
		{59A6657A-6BF8-49C3-BB98-63713C09C578}.Release|x64.ActiveCfg = Release|x64
		{59A6657A-6BF8-49C3-BB98-63713C09C578}.Release|x64.Build.0 = Release|x64
		{59A6657A-6BF8-49C3-BB98-63713C09C578}.Verbose|Any CPU.ActiveCfg = Release|Any CPU
		{59A6657A-6BF8-49C3-BB98-63713C09C578}.Verbose|Any CPU.Build.0 = Release|Any CPU
		{59A6657A-6BF8-49C3-BB98-63713C09C578}.Verbose|x64.ActiveCfg = Release|x64
		{59A6657A-6BF8-49C3-BB98-63713C09C578}.Verbose|x64.Build.0 = Release|x64
		{729C03BB-33F3-4210-89F4-442E28500ED6}.Debug|Any CPU.ActiveCfg = Debug|Any CPU
		{729C03BB-33F3-4210-89F4-442E28500ED6}.Debug|Any CPU.Build.0 = Debug|Any CPU
		{729C03BB-33F3-4210-89F4-442E28500ED6}.Debug|x64.ActiveCfg = Debug|x64
		{729C03BB-33F3-4210-89F4-442E28500ED6}.Debug|x64.Build.0 = Debug|x64
		{729C03BB-33F3-4210-89F4-442E28500ED6}.DebugLocal|Any CPU.ActiveCfg = Debug|Any CPU
		{729C03BB-33F3-4210-89F4-442E28500ED6}.DebugLocal|Any CPU.Build.0 = Debug|Any CPU
		{729C03BB-33F3-4210-89F4-442E28500ED6}.DebugLocal|x64.ActiveCfg = Debug|x64
		{729C03BB-33F3-4210-89F4-442E28500ED6}.DebugLocal|x64.Build.0 = Debug|x64
		{729C03BB-33F3-4210-89F4-442E28500ED6}.Log Output|Any CPU.ActiveCfg = Release|Any CPU
		{729C03BB-33F3-4210-89F4-442E28500ED6}.Log Output|Any CPU.Build.0 = Release|Any CPU
		{729C03BB-33F3-4210-89F4-442E28500ED6}.Log Output|x64.ActiveCfg = Release|x64
		{729C03BB-33F3-4210-89F4-442E28500ED6}.Log Output|x64.Build.0 = Release|x64
		{729C03BB-33F3-4210-89F4-442E28500ED6}.Mono|Any CPU.ActiveCfg = Release|Any CPU
		{729C03BB-33F3-4210-89F4-442E28500ED6}.Mono|Any CPU.Build.0 = Release|Any CPU
		{729C03BB-33F3-4210-89F4-442E28500ED6}.Mono|x64.ActiveCfg = Release|x64
		{729C03BB-33F3-4210-89F4-442E28500ED6}.Mono|x64.Build.0 = Release|x64
		{729C03BB-33F3-4210-89F4-442E28500ED6}.Release|Any CPU.ActiveCfg = Release|Any CPU
		{729C03BB-33F3-4210-89F4-442E28500ED6}.Release|Any CPU.Build.0 = Release|Any CPU
		{729C03BB-33F3-4210-89F4-442E28500ED6}.Release|x64.ActiveCfg = Release|x64
		{729C03BB-33F3-4210-89F4-442E28500ED6}.Release|x64.Build.0 = Release|x64
		{729C03BB-33F3-4210-89F4-442E28500ED6}.Verbose|Any CPU.ActiveCfg = Release|Any CPU
		{729C03BB-33F3-4210-89F4-442E28500ED6}.Verbose|Any CPU.Build.0 = Release|Any CPU
		{729C03BB-33F3-4210-89F4-442E28500ED6}.Verbose|x64.ActiveCfg = Release|x64
		{729C03BB-33F3-4210-89F4-442E28500ED6}.Verbose|x64.Build.0 = Release|x64
		{E10504B4-F77F-4473-9B2A-744010BDDE1E}.Debug|Any CPU.ActiveCfg = Debug|Any CPU
		{E10504B4-F77F-4473-9B2A-744010BDDE1E}.Debug|Any CPU.Build.0 = Debug|Any CPU
		{E10504B4-F77F-4473-9B2A-744010BDDE1E}.Debug|x64.ActiveCfg = Debug|x64
		{E10504B4-F77F-4473-9B2A-744010BDDE1E}.Debug|x64.Build.0 = Debug|x64
		{E10504B4-F77F-4473-9B2A-744010BDDE1E}.DebugLocal|Any CPU.ActiveCfg = Debug|Any CPU
		{E10504B4-F77F-4473-9B2A-744010BDDE1E}.DebugLocal|Any CPU.Build.0 = Debug|Any CPU
		{E10504B4-F77F-4473-9B2A-744010BDDE1E}.DebugLocal|x64.ActiveCfg = Debug|x64
		{E10504B4-F77F-4473-9B2A-744010BDDE1E}.DebugLocal|x64.Build.0 = Debug|x64
		{E10504B4-F77F-4473-9B2A-744010BDDE1E}.Log Output|Any CPU.ActiveCfg = Release|Any CPU
		{E10504B4-F77F-4473-9B2A-744010BDDE1E}.Log Output|Any CPU.Build.0 = Release|Any CPU
		{E10504B4-F77F-4473-9B2A-744010BDDE1E}.Log Output|x64.ActiveCfg = Release|x64
		{E10504B4-F77F-4473-9B2A-744010BDDE1E}.Log Output|x64.Build.0 = Release|x64
		{E10504B4-F77F-4473-9B2A-744010BDDE1E}.Mono|Any CPU.ActiveCfg = Release|Any CPU
		{E10504B4-F77F-4473-9B2A-744010BDDE1E}.Mono|Any CPU.Build.0 = Release|Any CPU
		{E10504B4-F77F-4473-9B2A-744010BDDE1E}.Mono|x64.ActiveCfg = Release|x64
		{E10504B4-F77F-4473-9B2A-744010BDDE1E}.Mono|x64.Build.0 = Release|x64
		{E10504B4-F77F-4473-9B2A-744010BDDE1E}.Release|Any CPU.ActiveCfg = Release|Any CPU
		{E10504B4-F77F-4473-9B2A-744010BDDE1E}.Release|Any CPU.Build.0 = Release|Any CPU
		{E10504B4-F77F-4473-9B2A-744010BDDE1E}.Release|x64.ActiveCfg = Release|x64
		{E10504B4-F77F-4473-9B2A-744010BDDE1E}.Release|x64.Build.0 = Release|x64
		{E10504B4-F77F-4473-9B2A-744010BDDE1E}.Verbose|Any CPU.ActiveCfg = Release|Any CPU
		{E10504B4-F77F-4473-9B2A-744010BDDE1E}.Verbose|Any CPU.Build.0 = Release|Any CPU
		{E10504B4-F77F-4473-9B2A-744010BDDE1E}.Verbose|x64.ActiveCfg = Release|x64
		{E10504B4-F77F-4473-9B2A-744010BDDE1E}.Verbose|x64.Build.0 = Release|x64
		{758CAABE-E74E-4ECB-AF3E-6B18D19B53D1}.Debug|Any CPU.ActiveCfg = Debug|Any CPU
		{758CAABE-E74E-4ECB-AF3E-6B18D19B53D1}.Debug|Any CPU.Build.0 = Debug|Any CPU
		{758CAABE-E74E-4ECB-AF3E-6B18D19B53D1}.Debug|x64.ActiveCfg = Debug|x64
		{758CAABE-E74E-4ECB-AF3E-6B18D19B53D1}.Debug|x64.Build.0 = Debug|x64
		{758CAABE-E74E-4ECB-AF3E-6B18D19B53D1}.DebugLocal|Any CPU.ActiveCfg = Debug|Any CPU
		{758CAABE-E74E-4ECB-AF3E-6B18D19B53D1}.DebugLocal|Any CPU.Build.0 = Debug|Any CPU
		{758CAABE-E74E-4ECB-AF3E-6B18D19B53D1}.DebugLocal|x64.ActiveCfg = Debug|x64
		{758CAABE-E74E-4ECB-AF3E-6B18D19B53D1}.DebugLocal|x64.Build.0 = Debug|x64
		{758CAABE-E74E-4ECB-AF3E-6B18D19B53D1}.Log Output|Any CPU.ActiveCfg = Release|Any CPU
		{758CAABE-E74E-4ECB-AF3E-6B18D19B53D1}.Log Output|Any CPU.Build.0 = Release|Any CPU
		{758CAABE-E74E-4ECB-AF3E-6B18D19B53D1}.Log Output|x64.ActiveCfg = Release|x64
		{758CAABE-E74E-4ECB-AF3E-6B18D19B53D1}.Log Output|x64.Build.0 = Release|x64
		{758CAABE-E74E-4ECB-AF3E-6B18D19B53D1}.Mono|Any CPU.ActiveCfg = Release|Any CPU
		{758CAABE-E74E-4ECB-AF3E-6B18D19B53D1}.Mono|Any CPU.Build.0 = Release|Any CPU
		{758CAABE-E74E-4ECB-AF3E-6B18D19B53D1}.Mono|x64.ActiveCfg = Release|x64
		{758CAABE-E74E-4ECB-AF3E-6B18D19B53D1}.Mono|x64.Build.0 = Release|x64
		{758CAABE-E74E-4ECB-AF3E-6B18D19B53D1}.Release|Any CPU.ActiveCfg = Release|Any CPU
		{758CAABE-E74E-4ECB-AF3E-6B18D19B53D1}.Release|Any CPU.Build.0 = Release|Any CPU
		{758CAABE-E74E-4ECB-AF3E-6B18D19B53D1}.Release|x64.ActiveCfg = Release|x64
		{758CAABE-E74E-4ECB-AF3E-6B18D19B53D1}.Release|x64.Build.0 = Release|x64
		{758CAABE-E74E-4ECB-AF3E-6B18D19B53D1}.Verbose|Any CPU.ActiveCfg = Release|Any CPU
		{758CAABE-E74E-4ECB-AF3E-6B18D19B53D1}.Verbose|Any CPU.Build.0 = Release|Any CPU
		{758CAABE-E74E-4ECB-AF3E-6B18D19B53D1}.Verbose|x64.ActiveCfg = Release|x64
		{758CAABE-E74E-4ECB-AF3E-6B18D19B53D1}.Verbose|x64.Build.0 = Release|x64
		{1EA43A19-3530-4968-B9B8-87F313D6F063}.Debug|Any CPU.ActiveCfg = Debug|Any CPU
		{1EA43A19-3530-4968-B9B8-87F313D6F063}.Debug|Any CPU.Build.0 = Debug|Any CPU
		{1EA43A19-3530-4968-B9B8-87F313D6F063}.Debug|x64.ActiveCfg = Debug|x64
		{1EA43A19-3530-4968-B9B8-87F313D6F063}.Debug|x64.Build.0 = Debug|x64
		{1EA43A19-3530-4968-B9B8-87F313D6F063}.DebugLocal|Any CPU.ActiveCfg = Debug|Any CPU
		{1EA43A19-3530-4968-B9B8-87F313D6F063}.DebugLocal|Any CPU.Build.0 = Debug|Any CPU
		{1EA43A19-3530-4968-B9B8-87F313D6F063}.DebugLocal|x64.ActiveCfg = Debug|x64
		{1EA43A19-3530-4968-B9B8-87F313D6F063}.DebugLocal|x64.Build.0 = Debug|x64
		{1EA43A19-3530-4968-B9B8-87F313D6F063}.Log Output|Any CPU.ActiveCfg = Release|Any CPU
		{1EA43A19-3530-4968-B9B8-87F313D6F063}.Log Output|Any CPU.Build.0 = Release|Any CPU
		{1EA43A19-3530-4968-B9B8-87F313D6F063}.Log Output|x64.ActiveCfg = Release|x64
		{1EA43A19-3530-4968-B9B8-87F313D6F063}.Log Output|x64.Build.0 = Release|x64
		{1EA43A19-3530-4968-B9B8-87F313D6F063}.Mono|Any CPU.ActiveCfg = Release|Any CPU
		{1EA43A19-3530-4968-B9B8-87F313D6F063}.Mono|Any CPU.Build.0 = Release|Any CPU
		{1EA43A19-3530-4968-B9B8-87F313D6F063}.Mono|x64.ActiveCfg = Release|x64
		{1EA43A19-3530-4968-B9B8-87F313D6F063}.Mono|x64.Build.0 = Release|x64
		{1EA43A19-3530-4968-B9B8-87F313D6F063}.Release|Any CPU.ActiveCfg = Release|Any CPU
		{1EA43A19-3530-4968-B9B8-87F313D6F063}.Release|Any CPU.Build.0 = Release|Any CPU
		{1EA43A19-3530-4968-B9B8-87F313D6F063}.Release|x64.ActiveCfg = Release|x64
		{1EA43A19-3530-4968-B9B8-87F313D6F063}.Release|x64.Build.0 = Release|x64
		{1EA43A19-3530-4968-B9B8-87F313D6F063}.Verbose|Any CPU.ActiveCfg = Release|Any CPU
		{1EA43A19-3530-4968-B9B8-87F313D6F063}.Verbose|Any CPU.Build.0 = Release|Any CPU
		{1EA43A19-3530-4968-B9B8-87F313D6F063}.Verbose|x64.ActiveCfg = Release|x64
		{1EA43A19-3530-4968-B9B8-87F313D6F063}.Verbose|x64.Build.0 = Release|x64
		{813DBBEE-8D4D-4DB8-9E49-B73A0AD6C5CE}.Debug|Any CPU.ActiveCfg = Debug|Any CPU
		{813DBBEE-8D4D-4DB8-9E49-B73A0AD6C5CE}.Debug|Any CPU.Build.0 = Debug|Any CPU
		{813DBBEE-8D4D-4DB8-9E49-B73A0AD6C5CE}.Debug|x64.ActiveCfg = Debug|x64
		{813DBBEE-8D4D-4DB8-9E49-B73A0AD6C5CE}.Debug|x64.Build.0 = Debug|x64
		{813DBBEE-8D4D-4DB8-9E49-B73A0AD6C5CE}.DebugLocal|Any CPU.ActiveCfg = Debug|Any CPU
		{813DBBEE-8D4D-4DB8-9E49-B73A0AD6C5CE}.DebugLocal|Any CPU.Build.0 = Debug|Any CPU
		{813DBBEE-8D4D-4DB8-9E49-B73A0AD6C5CE}.DebugLocal|x64.ActiveCfg = Debug|x64
		{813DBBEE-8D4D-4DB8-9E49-B73A0AD6C5CE}.DebugLocal|x64.Build.0 = Debug|x64
		{813DBBEE-8D4D-4DB8-9E49-B73A0AD6C5CE}.Log Output|Any CPU.ActiveCfg = Release|Any CPU
		{813DBBEE-8D4D-4DB8-9E49-B73A0AD6C5CE}.Log Output|Any CPU.Build.0 = Release|Any CPU
		{813DBBEE-8D4D-4DB8-9E49-B73A0AD6C5CE}.Log Output|x64.ActiveCfg = Release|x64
		{813DBBEE-8D4D-4DB8-9E49-B73A0AD6C5CE}.Log Output|x64.Build.0 = Release|x64
		{813DBBEE-8D4D-4DB8-9E49-B73A0AD6C5CE}.Mono|Any CPU.ActiveCfg = Release|Any CPU
		{813DBBEE-8D4D-4DB8-9E49-B73A0AD6C5CE}.Mono|Any CPU.Build.0 = Release|Any CPU
		{813DBBEE-8D4D-4DB8-9E49-B73A0AD6C5CE}.Mono|x64.ActiveCfg = Release|x64
		{813DBBEE-8D4D-4DB8-9E49-B73A0AD6C5CE}.Mono|x64.Build.0 = Release|x64
		{813DBBEE-8D4D-4DB8-9E49-B73A0AD6C5CE}.Release|Any CPU.ActiveCfg = Release|Any CPU
		{813DBBEE-8D4D-4DB8-9E49-B73A0AD6C5CE}.Release|Any CPU.Build.0 = Release|Any CPU
		{813DBBEE-8D4D-4DB8-9E49-B73A0AD6C5CE}.Release|x64.ActiveCfg = Release|x64
		{813DBBEE-8D4D-4DB8-9E49-B73A0AD6C5CE}.Release|x64.Build.0 = Release|x64
		{813DBBEE-8D4D-4DB8-9E49-B73A0AD6C5CE}.Verbose|Any CPU.ActiveCfg = Release|Any CPU
		{813DBBEE-8D4D-4DB8-9E49-B73A0AD6C5CE}.Verbose|Any CPU.Build.0 = Release|Any CPU
		{813DBBEE-8D4D-4DB8-9E49-B73A0AD6C5CE}.Verbose|x64.ActiveCfg = Release|x64
		{813DBBEE-8D4D-4DB8-9E49-B73A0AD6C5CE}.Verbose|x64.Build.0 = Release|x64
		{61EEA44A-0478-40E7-9A68-0E773B5B5282}.Debug|Any CPU.ActiveCfg = Debug|Any CPU
		{61EEA44A-0478-40E7-9A68-0E773B5B5282}.Debug|Any CPU.Build.0 = Debug|Any CPU
		{61EEA44A-0478-40E7-9A68-0E773B5B5282}.Debug|x64.ActiveCfg = Debug|x64
		{61EEA44A-0478-40E7-9A68-0E773B5B5282}.Debug|x64.Build.0 = Debug|x64
		{61EEA44A-0478-40E7-9A68-0E773B5B5282}.DebugLocal|Any CPU.ActiveCfg = Debug|Any CPU
		{61EEA44A-0478-40E7-9A68-0E773B5B5282}.DebugLocal|Any CPU.Build.0 = Debug|Any CPU
		{61EEA44A-0478-40E7-9A68-0E773B5B5282}.DebugLocal|x64.ActiveCfg = Debug|x64
		{61EEA44A-0478-40E7-9A68-0E773B5B5282}.DebugLocal|x64.Build.0 = Debug|x64
		{61EEA44A-0478-40E7-9A68-0E773B5B5282}.Log Output|Any CPU.ActiveCfg = Release|Any CPU
		{61EEA44A-0478-40E7-9A68-0E773B5B5282}.Log Output|Any CPU.Build.0 = Release|Any CPU
		{61EEA44A-0478-40E7-9A68-0E773B5B5282}.Log Output|x64.ActiveCfg = Release|x64
		{61EEA44A-0478-40E7-9A68-0E773B5B5282}.Log Output|x64.Build.0 = Release|x64
		{61EEA44A-0478-40E7-9A68-0E773B5B5282}.Mono|Any CPU.ActiveCfg = Release|Any CPU
		{61EEA44A-0478-40E7-9A68-0E773B5B5282}.Mono|Any CPU.Build.0 = Release|Any CPU
		{61EEA44A-0478-40E7-9A68-0E773B5B5282}.Mono|x64.ActiveCfg = Release|x64
		{61EEA44A-0478-40E7-9A68-0E773B5B5282}.Mono|x64.Build.0 = Release|x64
		{61EEA44A-0478-40E7-9A68-0E773B5B5282}.Release|Any CPU.ActiveCfg = Release|Any CPU
		{61EEA44A-0478-40E7-9A68-0E773B5B5282}.Release|Any CPU.Build.0 = Release|Any CPU
		{61EEA44A-0478-40E7-9A68-0E773B5B5282}.Release|x64.ActiveCfg = Release|x64
		{61EEA44A-0478-40E7-9A68-0E773B5B5282}.Release|x64.Build.0 = Release|x64
		{61EEA44A-0478-40E7-9A68-0E773B5B5282}.Verbose|Any CPU.ActiveCfg = Release|Any CPU
		{61EEA44A-0478-40E7-9A68-0E773B5B5282}.Verbose|Any CPU.Build.0 = Release|Any CPU
		{61EEA44A-0478-40E7-9A68-0E773B5B5282}.Verbose|x64.ActiveCfg = Release|x64
		{61EEA44A-0478-40E7-9A68-0E773B5B5282}.Verbose|x64.Build.0 = Release|x64
		{5E8573C2-1207-4379-965E-114BFD44F364}.Debug|Any CPU.ActiveCfg = Debug|Any CPU
		{5E8573C2-1207-4379-965E-114BFD44F364}.Debug|Any CPU.Build.0 = Debug|Any CPU
		{5E8573C2-1207-4379-965E-114BFD44F364}.Debug|x64.ActiveCfg = Debug|x64
		{5E8573C2-1207-4379-965E-114BFD44F364}.Debug|x64.Build.0 = Debug|x64
		{5E8573C2-1207-4379-965E-114BFD44F364}.DebugLocal|Any CPU.ActiveCfg = Debug|Any CPU
		{5E8573C2-1207-4379-965E-114BFD44F364}.DebugLocal|Any CPU.Build.0 = Debug|Any CPU
		{5E8573C2-1207-4379-965E-114BFD44F364}.DebugLocal|x64.ActiveCfg = Debug|x64
		{5E8573C2-1207-4379-965E-114BFD44F364}.DebugLocal|x64.Build.0 = Debug|x64
		{5E8573C2-1207-4379-965E-114BFD44F364}.Log Output|Any CPU.ActiveCfg = Release|Any CPU
		{5E8573C2-1207-4379-965E-114BFD44F364}.Log Output|Any CPU.Build.0 = Release|Any CPU
		{5E8573C2-1207-4379-965E-114BFD44F364}.Log Output|x64.ActiveCfg = Release|x64
		{5E8573C2-1207-4379-965E-114BFD44F364}.Log Output|x64.Build.0 = Release|x64
		{5E8573C2-1207-4379-965E-114BFD44F364}.Mono|Any CPU.ActiveCfg = Release|Any CPU
		{5E8573C2-1207-4379-965E-114BFD44F364}.Mono|Any CPU.Build.0 = Release|Any CPU
		{5E8573C2-1207-4379-965E-114BFD44F364}.Mono|x64.ActiveCfg = Release|x64
		{5E8573C2-1207-4379-965E-114BFD44F364}.Mono|x64.Build.0 = Release|x64
		{5E8573C2-1207-4379-965E-114BFD44F364}.Release|Any CPU.ActiveCfg = Release|Any CPU
		{5E8573C2-1207-4379-965E-114BFD44F364}.Release|Any CPU.Build.0 = Release|Any CPU
		{5E8573C2-1207-4379-965E-114BFD44F364}.Release|x64.ActiveCfg = Release|x64
		{5E8573C2-1207-4379-965E-114BFD44F364}.Release|x64.Build.0 = Release|x64
		{5E8573C2-1207-4379-965E-114BFD44F364}.Verbose|Any CPU.ActiveCfg = Release|Any CPU
		{5E8573C2-1207-4379-965E-114BFD44F364}.Verbose|Any CPU.Build.0 = Release|Any CPU
		{5E8573C2-1207-4379-965E-114BFD44F364}.Verbose|x64.ActiveCfg = Release|x64
		{5E8573C2-1207-4379-965E-114BFD44F364}.Verbose|x64.Build.0 = Release|x64
		{444966E0-5C1D-4176-86DD-7508368314FA}.Debug|Any CPU.ActiveCfg = Debug|Any CPU
		{444966E0-5C1D-4176-86DD-7508368314FA}.Debug|Any CPU.Build.0 = Debug|Any CPU
		{444966E0-5C1D-4176-86DD-7508368314FA}.Debug|x64.ActiveCfg = Debug|Any CPU
		{444966E0-5C1D-4176-86DD-7508368314FA}.DebugLocal|Any CPU.ActiveCfg = Debug|Any CPU
		{444966E0-5C1D-4176-86DD-7508368314FA}.DebugLocal|Any CPU.Build.0 = Debug|Any CPU
		{444966E0-5C1D-4176-86DD-7508368314FA}.DebugLocal|x64.ActiveCfg = Debug|Any CPU
		{444966E0-5C1D-4176-86DD-7508368314FA}.Log Output|Any CPU.ActiveCfg = Release|Any CPU
		{444966E0-5C1D-4176-86DD-7508368314FA}.Log Output|Any CPU.Build.0 = Release|Any CPU
		{444966E0-5C1D-4176-86DD-7508368314FA}.Log Output|x64.ActiveCfg = Release|Any CPU
		{444966E0-5C1D-4176-86DD-7508368314FA}.Mono|Any CPU.ActiveCfg = Release|Any CPU
		{444966E0-5C1D-4176-86DD-7508368314FA}.Mono|Any CPU.Build.0 = Release|Any CPU
		{444966E0-5C1D-4176-86DD-7508368314FA}.Mono|x64.ActiveCfg = Release|Any CPU
		{444966E0-5C1D-4176-86DD-7508368314FA}.Release|Any CPU.ActiveCfg = Release|Any CPU
		{444966E0-5C1D-4176-86DD-7508368314FA}.Release|Any CPU.Build.0 = Release|Any CPU
		{444966E0-5C1D-4176-86DD-7508368314FA}.Release|x64.ActiveCfg = Release|Any CPU
		{444966E0-5C1D-4176-86DD-7508368314FA}.Verbose|Any CPU.ActiveCfg = Release|Any CPU
		{444966E0-5C1D-4176-86DD-7508368314FA}.Verbose|Any CPU.Build.0 = Release|Any CPU
		{444966E0-5C1D-4176-86DD-7508368314FA}.Verbose|x64.ActiveCfg = Release|Any CPU
		{B64789BD-B7B4-4C43-B6CC-97ECF4D93735}.Debug|Any CPU.ActiveCfg = Debug|Any CPU
		{B64789BD-B7B4-4C43-B6CC-97ECF4D93735}.Debug|Any CPU.Build.0 = Debug|Any CPU
		{B64789BD-B7B4-4C43-B6CC-97ECF4D93735}.Debug|x64.ActiveCfg = Debug|Any CPU
		{B64789BD-B7B4-4C43-B6CC-97ECF4D93735}.DebugLocal|Any CPU.ActiveCfg = Debug|Any CPU
		{B64789BD-B7B4-4C43-B6CC-97ECF4D93735}.DebugLocal|Any CPU.Build.0 = Debug|Any CPU
		{B64789BD-B7B4-4C43-B6CC-97ECF4D93735}.DebugLocal|x64.ActiveCfg = Debug|Any CPU
		{B64789BD-B7B4-4C43-B6CC-97ECF4D93735}.Log Output|Any CPU.ActiveCfg = Release|Any CPU
		{B64789BD-B7B4-4C43-B6CC-97ECF4D93735}.Log Output|Any CPU.Build.0 = Release|Any CPU
		{B64789BD-B7B4-4C43-B6CC-97ECF4D93735}.Log Output|x64.ActiveCfg = Release|Any CPU
		{B64789BD-B7B4-4C43-B6CC-97ECF4D93735}.Mono|Any CPU.ActiveCfg = Release|Any CPU
		{B64789BD-B7B4-4C43-B6CC-97ECF4D93735}.Mono|Any CPU.Build.0 = Release|Any CPU
		{B64789BD-B7B4-4C43-B6CC-97ECF4D93735}.Mono|x64.ActiveCfg = Release|Any CPU
		{B64789BD-B7B4-4C43-B6CC-97ECF4D93735}.Release|Any CPU.ActiveCfg = Release|Any CPU
		{B64789BD-B7B4-4C43-B6CC-97ECF4D93735}.Release|Any CPU.Build.0 = Release|Any CPU
		{B64789BD-B7B4-4C43-B6CC-97ECF4D93735}.Release|x64.ActiveCfg = Release|Any CPU
		{B64789BD-B7B4-4C43-B6CC-97ECF4D93735}.Verbose|Any CPU.ActiveCfg = Release|Any CPU
		{B64789BD-B7B4-4C43-B6CC-97ECF4D93735}.Verbose|Any CPU.Build.0 = Release|Any CPU
		{B64789BD-B7B4-4C43-B6CC-97ECF4D93735}.Verbose|x64.ActiveCfg = Release|Any CPU
		{6AD9BA00-1330-426D-8BAE-2D3BC0D976E4}.Debug|Any CPU.ActiveCfg = Debug|Any CPU
		{6AD9BA00-1330-426D-8BAE-2D3BC0D976E4}.Debug|Any CPU.Build.0 = Debug|Any CPU
		{6AD9BA00-1330-426D-8BAE-2D3BC0D976E4}.Debug|x64.ActiveCfg = Debug|Any CPU
		{6AD9BA00-1330-426D-8BAE-2D3BC0D976E4}.DebugLocal|Any CPU.ActiveCfg = Debug|Any CPU
		{6AD9BA00-1330-426D-8BAE-2D3BC0D976E4}.DebugLocal|Any CPU.Build.0 = Debug|Any CPU
		{6AD9BA00-1330-426D-8BAE-2D3BC0D976E4}.DebugLocal|x64.ActiveCfg = Debug|Any CPU
		{6AD9BA00-1330-426D-8BAE-2D3BC0D976E4}.Log Output|Any CPU.ActiveCfg = Release|Any CPU
		{6AD9BA00-1330-426D-8BAE-2D3BC0D976E4}.Log Output|Any CPU.Build.0 = Release|Any CPU
		{6AD9BA00-1330-426D-8BAE-2D3BC0D976E4}.Log Output|x64.ActiveCfg = Release|Any CPU
		{6AD9BA00-1330-426D-8BAE-2D3BC0D976E4}.Mono|Any CPU.ActiveCfg = Release|Any CPU
		{6AD9BA00-1330-426D-8BAE-2D3BC0D976E4}.Mono|Any CPU.Build.0 = Release|Any CPU
		{6AD9BA00-1330-426D-8BAE-2D3BC0D976E4}.Mono|x64.ActiveCfg = Release|Any CPU
		{6AD9BA00-1330-426D-8BAE-2D3BC0D976E4}.Release|Any CPU.ActiveCfg = Release|Any CPU
		{6AD9BA00-1330-426D-8BAE-2D3BC0D976E4}.Release|Any CPU.Build.0 = Release|Any CPU
		{6AD9BA00-1330-426D-8BAE-2D3BC0D976E4}.Release|x64.ActiveCfg = Release|Any CPU
		{6AD9BA00-1330-426D-8BAE-2D3BC0D976E4}.Verbose|Any CPU.ActiveCfg = Release|Any CPU
		{6AD9BA00-1330-426D-8BAE-2D3BC0D976E4}.Verbose|Any CPU.Build.0 = Release|Any CPU
		{6AD9BA00-1330-426D-8BAE-2D3BC0D976E4}.Verbose|x64.ActiveCfg = Release|Any CPU
		{1A294D5E-33CD-4FF9-989D-78B31C2FEAA5}.Debug|Any CPU.ActiveCfg = Debug|Any CPU
		{1A294D5E-33CD-4FF9-989D-78B31C2FEAA5}.Debug|Any CPU.Build.0 = Debug|Any CPU
		{1A294D5E-33CD-4FF9-989D-78B31C2FEAA5}.Debug|x64.ActiveCfg = Debug|Any CPU
		{1A294D5E-33CD-4FF9-989D-78B31C2FEAA5}.DebugLocal|Any CPU.ActiveCfg = Debug|Any CPU
		{1A294D5E-33CD-4FF9-989D-78B31C2FEAA5}.DebugLocal|Any CPU.Build.0 = Debug|Any CPU
		{1A294D5E-33CD-4FF9-989D-78B31C2FEAA5}.DebugLocal|x64.ActiveCfg = Debug|Any CPU
		{1A294D5E-33CD-4FF9-989D-78B31C2FEAA5}.Log Output|Any CPU.ActiveCfg = Release|Any CPU
		{1A294D5E-33CD-4FF9-989D-78B31C2FEAA5}.Log Output|Any CPU.Build.0 = Release|Any CPU
		{1A294D5E-33CD-4FF9-989D-78B31C2FEAA5}.Log Output|x64.ActiveCfg = Release|Any CPU
		{1A294D5E-33CD-4FF9-989D-78B31C2FEAA5}.Mono|Any CPU.ActiveCfg = Release|Any CPU
		{1A294D5E-33CD-4FF9-989D-78B31C2FEAA5}.Mono|Any CPU.Build.0 = Release|Any CPU
		{1A294D5E-33CD-4FF9-989D-78B31C2FEAA5}.Mono|x64.ActiveCfg = Release|Any CPU
		{1A294D5E-33CD-4FF9-989D-78B31C2FEAA5}.Release|Any CPU.ActiveCfg = Release|Any CPU
		{1A294D5E-33CD-4FF9-989D-78B31C2FEAA5}.Release|Any CPU.Build.0 = Release|Any CPU
		{1A294D5E-33CD-4FF9-989D-78B31C2FEAA5}.Release|x64.ActiveCfg = Release|Any CPU
		{1A294D5E-33CD-4FF9-989D-78B31C2FEAA5}.Verbose|Any CPU.ActiveCfg = Release|Any CPU
		{1A294D5E-33CD-4FF9-989D-78B31C2FEAA5}.Verbose|Any CPU.Build.0 = Release|Any CPU
		{1A294D5E-33CD-4FF9-989D-78B31C2FEAA5}.Verbose|x64.ActiveCfg = Release|Any CPU
		{6D63D615-1B03-4E1A-A55D-93C8AF9860F9}.Debug|Any CPU.ActiveCfg = Debug|Any CPU
		{6D63D615-1B03-4E1A-A55D-93C8AF9860F9}.Debug|Any CPU.Build.0 = Debug|Any CPU
		{6D63D615-1B03-4E1A-A55D-93C8AF9860F9}.Debug|x64.ActiveCfg = Debug|Any CPU
		{6D63D615-1B03-4E1A-A55D-93C8AF9860F9}.DebugLocal|Any CPU.ActiveCfg = Debug|Any CPU
		{6D63D615-1B03-4E1A-A55D-93C8AF9860F9}.DebugLocal|Any CPU.Build.0 = Debug|Any CPU
		{6D63D615-1B03-4E1A-A55D-93C8AF9860F9}.DebugLocal|x64.ActiveCfg = Debug|Any CPU
		{6D63D615-1B03-4E1A-A55D-93C8AF9860F9}.Log Output|Any CPU.ActiveCfg = Release|Any CPU
		{6D63D615-1B03-4E1A-A55D-93C8AF9860F9}.Log Output|Any CPU.Build.0 = Release|Any CPU
		{6D63D615-1B03-4E1A-A55D-93C8AF9860F9}.Log Output|x64.ActiveCfg = Release|Any CPU
		{6D63D615-1B03-4E1A-A55D-93C8AF9860F9}.Mono|Any CPU.ActiveCfg = Release|Any CPU
		{6D63D615-1B03-4E1A-A55D-93C8AF9860F9}.Mono|Any CPU.Build.0 = Release|Any CPU
		{6D63D615-1B03-4E1A-A55D-93C8AF9860F9}.Mono|x64.ActiveCfg = Release|Any CPU
		{6D63D615-1B03-4E1A-A55D-93C8AF9860F9}.Release|Any CPU.ActiveCfg = Release|Any CPU
		{6D63D615-1B03-4E1A-A55D-93C8AF9860F9}.Release|Any CPU.Build.0 = Release|Any CPU
		{6D63D615-1B03-4E1A-A55D-93C8AF9860F9}.Release|x64.ActiveCfg = Release|Any CPU
		{6D63D615-1B03-4E1A-A55D-93C8AF9860F9}.Verbose|Any CPU.ActiveCfg = Release|Any CPU
		{6D63D615-1B03-4E1A-A55D-93C8AF9860F9}.Verbose|Any CPU.Build.0 = Release|Any CPU
		{6D63D615-1B03-4E1A-A55D-93C8AF9860F9}.Verbose|x64.ActiveCfg = Release|Any CPU
		{C35122B9-B306-497C-A5A1-01E4DD2C6CC8}.Debug|Any CPU.ActiveCfg = Debug|Any CPU
		{C35122B9-B306-497C-A5A1-01E4DD2C6CC8}.Debug|Any CPU.Build.0 = Debug|Any CPU
		{C35122B9-B306-497C-A5A1-01E4DD2C6CC8}.Debug|x64.ActiveCfg = Debug|Any CPU
		{C35122B9-B306-497C-A5A1-01E4DD2C6CC8}.DebugLocal|Any CPU.ActiveCfg = Debug|Any CPU
		{C35122B9-B306-497C-A5A1-01E4DD2C6CC8}.DebugLocal|Any CPU.Build.0 = Debug|Any CPU
		{C35122B9-B306-497C-A5A1-01E4DD2C6CC8}.DebugLocal|x64.ActiveCfg = Debug|Any CPU
		{C35122B9-B306-497C-A5A1-01E4DD2C6CC8}.Log Output|Any CPU.ActiveCfg = Release|Any CPU
		{C35122B9-B306-497C-A5A1-01E4DD2C6CC8}.Log Output|Any CPU.Build.0 = Release|Any CPU
		{C35122B9-B306-497C-A5A1-01E4DD2C6CC8}.Log Output|x64.ActiveCfg = Release|Any CPU
		{C35122B9-B306-497C-A5A1-01E4DD2C6CC8}.Mono|Any CPU.ActiveCfg = Release|Any CPU
		{C35122B9-B306-497C-A5A1-01E4DD2C6CC8}.Mono|Any CPU.Build.0 = Release|Any CPU
		{C35122B9-B306-497C-A5A1-01E4DD2C6CC8}.Mono|x64.ActiveCfg = Release|Any CPU
		{C35122B9-B306-497C-A5A1-01E4DD2C6CC8}.Release|Any CPU.ActiveCfg = Release|Any CPU
		{C35122B9-B306-497C-A5A1-01E4DD2C6CC8}.Release|Any CPU.Build.0 = Release|Any CPU
		{C35122B9-B306-497C-A5A1-01E4DD2C6CC8}.Release|x64.ActiveCfg = Release|Any CPU
		{C35122B9-B306-497C-A5A1-01E4DD2C6CC8}.Verbose|Any CPU.ActiveCfg = Release|Any CPU
		{C35122B9-B306-497C-A5A1-01E4DD2C6CC8}.Verbose|Any CPU.Build.0 = Release|Any CPU
		{C35122B9-B306-497C-A5A1-01E4DD2C6CC8}.Verbose|x64.ActiveCfg = Release|Any CPU
		{521457C7-F935-4340-88F6-A5D2A7F43218}.Debug|Any CPU.ActiveCfg = Debug|Any CPU
		{521457C7-F935-4340-88F6-A5D2A7F43218}.Debug|Any CPU.Build.0 = Debug|Any CPU
		{521457C7-F935-4340-88F6-A5D2A7F43218}.Debug|x64.ActiveCfg = Debug|Any CPU
		{521457C7-F935-4340-88F6-A5D2A7F43218}.DebugLocal|Any CPU.ActiveCfg = Debug|Any CPU
		{521457C7-F935-4340-88F6-A5D2A7F43218}.DebugLocal|Any CPU.Build.0 = Debug|Any CPU
		{521457C7-F935-4340-88F6-A5D2A7F43218}.DebugLocal|x64.ActiveCfg = Debug|Any CPU
		{521457C7-F935-4340-88F6-A5D2A7F43218}.Log Output|Any CPU.ActiveCfg = Release|Any CPU
		{521457C7-F935-4340-88F6-A5D2A7F43218}.Log Output|Any CPU.Build.0 = Release|Any CPU
		{521457C7-F935-4340-88F6-A5D2A7F43218}.Log Output|x64.ActiveCfg = Release|Any CPU
		{521457C7-F935-4340-88F6-A5D2A7F43218}.Mono|Any CPU.ActiveCfg = Release|Any CPU
		{521457C7-F935-4340-88F6-A5D2A7F43218}.Mono|Any CPU.Build.0 = Release|Any CPU
		{521457C7-F935-4340-88F6-A5D2A7F43218}.Mono|x64.ActiveCfg = Release|Any CPU
		{521457C7-F935-4340-88F6-A5D2A7F43218}.Release|Any CPU.ActiveCfg = Release|Any CPU
		{521457C7-F935-4340-88F6-A5D2A7F43218}.Release|Any CPU.Build.0 = Release|Any CPU
		{521457C7-F935-4340-88F6-A5D2A7F43218}.Release|x64.ActiveCfg = Release|Any CPU
		{521457C7-F935-4340-88F6-A5D2A7F43218}.Verbose|Any CPU.ActiveCfg = Release|Any CPU
		{521457C7-F935-4340-88F6-A5D2A7F43218}.Verbose|Any CPU.Build.0 = Release|Any CPU
		{521457C7-F935-4340-88F6-A5D2A7F43218}.Verbose|x64.ActiveCfg = Release|Any CPU
		{66F9BCFF-A552-489C-9EB7-C52A332B8713}.Debug|Any CPU.ActiveCfg = Debug|Any CPU
		{66F9BCFF-A552-489C-9EB7-C52A332B8713}.Debug|Any CPU.Build.0 = Debug|Any CPU
		{66F9BCFF-A552-489C-9EB7-C52A332B8713}.Debug|x64.ActiveCfg = Debug|Any CPU
		{66F9BCFF-A552-489C-9EB7-C52A332B8713}.DebugLocal|Any CPU.ActiveCfg = Debug|Any CPU
		{66F9BCFF-A552-489C-9EB7-C52A332B8713}.DebugLocal|Any CPU.Build.0 = Debug|Any CPU
		{66F9BCFF-A552-489C-9EB7-C52A332B8713}.DebugLocal|x64.ActiveCfg = Debug|Any CPU
		{66F9BCFF-A552-489C-9EB7-C52A332B8713}.Log Output|Any CPU.ActiveCfg = Release|Any CPU
		{66F9BCFF-A552-489C-9EB7-C52A332B8713}.Log Output|Any CPU.Build.0 = Release|Any CPU
		{66F9BCFF-A552-489C-9EB7-C52A332B8713}.Log Output|x64.ActiveCfg = Release|Any CPU
		{66F9BCFF-A552-489C-9EB7-C52A332B8713}.Mono|Any CPU.ActiveCfg = Release|Any CPU
		{66F9BCFF-A552-489C-9EB7-C52A332B8713}.Mono|Any CPU.Build.0 = Release|Any CPU
		{66F9BCFF-A552-489C-9EB7-C52A332B8713}.Mono|x64.ActiveCfg = Release|Any CPU
		{66F9BCFF-A552-489C-9EB7-C52A332B8713}.Release|Any CPU.ActiveCfg = Release|Any CPU
		{66F9BCFF-A552-489C-9EB7-C52A332B8713}.Release|Any CPU.Build.0 = Release|Any CPU
		{66F9BCFF-A552-489C-9EB7-C52A332B8713}.Release|x64.ActiveCfg = Release|Any CPU
		{66F9BCFF-A552-489C-9EB7-C52A332B8713}.Verbose|Any CPU.ActiveCfg = Release|Any CPU
		{66F9BCFF-A552-489C-9EB7-C52A332B8713}.Verbose|Any CPU.Build.0 = Release|Any CPU
		{66F9BCFF-A552-489C-9EB7-C52A332B8713}.Verbose|x64.ActiveCfg = Release|Any CPU
		{F8A2D895-D745-4E90-937B-FA914D6740D7}.Debug|Any CPU.ActiveCfg = Debug|Any CPU
		{F8A2D895-D745-4E90-937B-FA914D6740D7}.Debug|Any CPU.Build.0 = Debug|Any CPU
		{F8A2D895-D745-4E90-937B-FA914D6740D7}.Debug|x64.ActiveCfg = Debug|Any CPU
		{F8A2D895-D745-4E90-937B-FA914D6740D7}.DebugLocal|Any CPU.ActiveCfg = Debug|Any CPU
		{F8A2D895-D745-4E90-937B-FA914D6740D7}.DebugLocal|Any CPU.Build.0 = Debug|Any CPU
		{F8A2D895-D745-4E90-937B-FA914D6740D7}.DebugLocal|x64.ActiveCfg = Debug|Any CPU
		{F8A2D895-D745-4E90-937B-FA914D6740D7}.Log Output|Any CPU.ActiveCfg = Release|Any CPU
		{F8A2D895-D745-4E90-937B-FA914D6740D7}.Log Output|Any CPU.Build.0 = Release|Any CPU
		{F8A2D895-D745-4E90-937B-FA914D6740D7}.Log Output|x64.ActiveCfg = Release|Any CPU
		{F8A2D895-D745-4E90-937B-FA914D6740D7}.Mono|Any CPU.ActiveCfg = Release|Any CPU
		{F8A2D895-D745-4E90-937B-FA914D6740D7}.Mono|Any CPU.Build.0 = Release|Any CPU
		{F8A2D895-D745-4E90-937B-FA914D6740D7}.Mono|x64.ActiveCfg = Release|Any CPU
		{F8A2D895-D745-4E90-937B-FA914D6740D7}.Release|Any CPU.ActiveCfg = Release|Any CPU
		{F8A2D895-D745-4E90-937B-FA914D6740D7}.Release|Any CPU.Build.0 = Release|Any CPU
		{F8A2D895-D745-4E90-937B-FA914D6740D7}.Release|x64.ActiveCfg = Release|Any CPU
		{F8A2D895-D745-4E90-937B-FA914D6740D7}.Verbose|Any CPU.ActiveCfg = Release|Any CPU
		{F8A2D895-D745-4E90-937B-FA914D6740D7}.Verbose|Any CPU.Build.0 = Release|Any CPU
		{F8A2D895-D745-4E90-937B-FA914D6740D7}.Verbose|x64.ActiveCfg = Release|Any CPU
		{88E9EE99-99B2-4888-B22F-64D2A07E7FBE}.Debug|Any CPU.ActiveCfg = Debug|Any CPU
		{88E9EE99-99B2-4888-B22F-64D2A07E7FBE}.Debug|Any CPU.Build.0 = Debug|Any CPU
		{88E9EE99-99B2-4888-B22F-64D2A07E7FBE}.Debug|x64.ActiveCfg = Debug|Any CPU
		{88E9EE99-99B2-4888-B22F-64D2A07E7FBE}.DebugLocal|Any CPU.ActiveCfg = Debug|Any CPU
		{88E9EE99-99B2-4888-B22F-64D2A07E7FBE}.DebugLocal|Any CPU.Build.0 = Debug|Any CPU
		{88E9EE99-99B2-4888-B22F-64D2A07E7FBE}.DebugLocal|x64.ActiveCfg = Debug|Any CPU
		{88E9EE99-99B2-4888-B22F-64D2A07E7FBE}.Log Output|Any CPU.ActiveCfg = Release|Any CPU
		{88E9EE99-99B2-4888-B22F-64D2A07E7FBE}.Log Output|Any CPU.Build.0 = Release|Any CPU
		{88E9EE99-99B2-4888-B22F-64D2A07E7FBE}.Log Output|x64.ActiveCfg = Release|Any CPU
		{88E9EE99-99B2-4888-B22F-64D2A07E7FBE}.Mono|Any CPU.ActiveCfg = Release|Any CPU
		{88E9EE99-99B2-4888-B22F-64D2A07E7FBE}.Mono|Any CPU.Build.0 = Release|Any CPU
		{88E9EE99-99B2-4888-B22F-64D2A07E7FBE}.Mono|x64.ActiveCfg = Release|Any CPU
		{88E9EE99-99B2-4888-B22F-64D2A07E7FBE}.Release|Any CPU.ActiveCfg = Release|Any CPU
		{88E9EE99-99B2-4888-B22F-64D2A07E7FBE}.Release|Any CPU.Build.0 = Release|Any CPU
		{88E9EE99-99B2-4888-B22F-64D2A07E7FBE}.Release|x64.ActiveCfg = Release|Any CPU
		{88E9EE99-99B2-4888-B22F-64D2A07E7FBE}.Verbose|Any CPU.ActiveCfg = Release|Any CPU
		{88E9EE99-99B2-4888-B22F-64D2A07E7FBE}.Verbose|Any CPU.Build.0 = Release|Any CPU
		{88E9EE99-99B2-4888-B22F-64D2A07E7FBE}.Verbose|x64.ActiveCfg = Release|Any CPU
	EndGlobalSection
	GlobalSection(SolutionProperties) = preSolution
		HideSolutionNode = FALSE
	EndGlobalSection
	GlobalSection(NestedProjects) = preSolution
		{236C76B6-4489-46B7-86B3-0D2651C88F49} = {1BA6A1F7-DF76-4F5A-9643-AABD0EA0BC62}
		{8B1EB484-4146-4D68-B6F8-8A1C81092576} = {1BA6A1F7-DF76-4F5A-9643-AABD0EA0BC62}
		{721D74D4-AA6C-4B47-B98F-C853FB7BCF9B} = {1BA6A1F7-DF76-4F5A-9643-AABD0EA0BC62}
		{E10504B4-F77F-4473-9B2A-744010BDDE1E} = {1BA6A1F7-DF76-4F5A-9643-AABD0EA0BC62}
		{758CAABE-E74E-4ECB-AF3E-6B18D19B53D1} = {1BA6A1F7-DF76-4F5A-9643-AABD0EA0BC62}
		{1EA43A19-3530-4968-B9B8-87F313D6F063} = {1BA6A1F7-DF76-4F5A-9643-AABD0EA0BC62}
		{813DBBEE-8D4D-4DB8-9E49-B73A0AD6C5CE} = {1BA6A1F7-DF76-4F5A-9643-AABD0EA0BC62}
		{61EEA44A-0478-40E7-9A68-0E773B5B5282} = {1BA6A1F7-DF76-4F5A-9643-AABD0EA0BC62}
		{04183BAC-B3DA-46EC-BE81-D635768F98F4} = {1BA6A1F7-DF76-4F5A-9643-AABD0EA0BC62}
		{B0621DDC-83C4-48A8-A574-B0816B4A6388} = {DF0C005D-92CF-4715-99E3-0694767B1CA6}
		{59A6657A-6BF8-49C3-BB98-63713C09C578} = {DF0C005D-92CF-4715-99E3-0694767B1CA6}
		{729C03BB-33F3-4210-89F4-442E28500ED6} = {DF0C005D-92CF-4715-99E3-0694767B1CA6}
		{5E8573C2-1207-4379-965E-114BFD44F364} = {DF0C005D-92CF-4715-99E3-0694767B1CA6}
		{1E9202D6-BBD9-4307-B390-4099D84B0FA4} = {DF0C005D-92CF-4715-99E3-0694767B1CA6}
		{1A294D5E-33CD-4FF9-989D-78B31C2FEAA5} = {259DC51F-3CAD-43FB-855F-54E047CCEC83}
		{B64789BD-B7B4-4C43-B6CC-97ECF4D93735} = {259DC51F-3CAD-43FB-855F-54E047CCEC83}
		{6D63D615-1B03-4E1A-A55D-93C8AF9860F9} = {259DC51F-3CAD-43FB-855F-54E047CCEC83}
		{C35122B9-B306-497C-A5A1-01E4DD2C6CC8} = {259DC51F-3CAD-43FB-855F-54E047CCEC83}
		{521457C7-F935-4340-88F6-A5D2A7F43218} = {259DC51F-3CAD-43FB-855F-54E047CCEC83}
		{66F9BCFF-A552-489C-9EB7-C52A332B8713} = {259DC51F-3CAD-43FB-855F-54E047CCEC83}
		{6AD9BA00-1330-426D-8BAE-2D3BC0D976E4} = {C890B571-2F73-4C88-91A4-CFFDD936E1E7}
	EndGlobalSection
	GlobalSection(ExtensibilityGlobals) = postSolution
		EnterpriseLibraryConfigurationToolBinariesPath = packages\TransientFaultHandling.Core.5.1.1209.1\lib\NET4
	EndGlobalSection
	GlobalSection(NDepend) = preSolution
		Project = ".\Durados.Web.Mvc.ndproj"
	EndGlobalSection
EndGlobal
